
Microsoft Visual Studio Solution File, Format Version 12.00
# Visual Studio Version 17
VisualStudioVersion = 17.6.33801.468
MinimumVisualStudioVersion = 10.0.40219.1
Project("{9A19103F-16F7-4668-BE54-9A1E7A4F7556}") = "BulkyWeb", "BulkyWeb\BulkyWeb.csproj", "{776DBBD9-393E-4875-8D1F-3A0030B2012F}"
EndProject
Project("{2150E333-8FDC-42A3-9474-1A3956D46DE8}") = "Solution Items", "Solution Items", "{87BA513E-6C1C-49DB-90FF-8F580802C7F5}"
	ProjectSection(SolutionItems) = preProject
		.editorconfig = .editorconfig
	EndProjectSection
EndProject
Project("{FAE04EC0-301F-11D3-BF4B-00C04F79EFBC}") = "Bulky.DataAccess", "Bulky.DataAccess\Bulky.DataAccess.csproj", "{3AF15D37-8C7A-4DA8-9B66-626C64B36A0F}"
EndProject
Project("{FAE04EC0-301F-11D3-BF4B-00C04F79EFBC}") = "Bulky.Models", "Bulky.Models\Bulky.Models.csproj", "{C40B4501-754A-4975-B7C7-33F7A30A8DDA}"
EndProject
Project("{FAE04EC0-301F-11D3-BF4B-00C04F79EFBC}") = "Bulky.Utility", "Bulky.Utility\Bulky.Utility.csproj", "{88DD3EB6-8DC8-4612-AF84-82055F04C764}"
EndProject
Global
	GlobalSection(SolutionConfigurationPlatforms) = preSolution
		Debug|Any CPU = Debug|Any CPU
		Release|Any CPU = Release|Any CPU
	EndGlobalSection
	GlobalSection(ProjectConfigurationPlatforms) = postSolution
		{776DBBD9-393E-4875-8D1F-3A0030B2012F}.Debug|Any CPU.ActiveCfg = Debug|Any CPU
		{776DBBD9-393E-4875-8D1F-3A0030B2012F}.Debug|Any CPU.Build.0 = Debug|Any CPU
		{776DBBD9-393E-4875-8D1F-3A0030B2012F}.Release|Any CPU.ActiveCfg = Release|Any CPU
		{776DBBD9-393E-4875-8D1F-3A0030B2012F}.Release|Any CPU.Build.0 = Release|Any CPU
		{3AF15D37-8C7A-4DA8-9B66-626C64B36A0F}.Debug|Any CPU.ActiveCfg = Debug|Any CPU
		{3AF15D37-8C7A-4DA8-9B66-626C64B36A0F}.Debug|Any CPU.Build.0 = Debug|Any CPU
		{3AF15D37-8C7A-4DA8-9B66-626C64B36A0F}.Release|Any CPU.ActiveCfg = Release|Any CPU
		{3AF15D37-8C7A-4DA8-9B66-626C64B36A0F}.Release|Any CPU.Build.0 = Release|Any CPU
		{C40B4501-754A-4975-B7C7-33F7A30A8DDA}.Debug|Any CPU.ActiveCfg = Debug|Any CPU
		{C40B4501-754A-4975-B7C7-33F7A30A8DDA}.Debug|Any CPU.Build.0 = Debug|Any CPU
		{C40B4501-754A-4975-B7C7-33F7A30A8DDA}.Release|Any CPU.ActiveCfg = Release|Any CPU
		{C40B4501-754A-4975-B7C7-33F7A30A8DDA}.Release|Any CPU.Build.0 = Release|Any CPU
		{88DD3EB6-8DC8-4612-AF84-82055F04C764}.Debug|Any CPU.ActiveCfg = Debug|Any CPU
		{88DD3EB6-8DC8-4612-AF84-82055F04C764}.Debug|Any CPU.Build.0 = Debug|Any CPU
		{88DD3EB6-8DC8-4612-AF84-82055F04C764}.Release|Any CPU.ActiveCfg = Release|Any CPU
		{88DD3EB6-8DC8-4612-AF84-82055F04C764}.Release|Any CPU.Build.0 = Release|Any CPU
	EndGlobalSection
	GlobalSection(SolutionProperties) = preSolution
		HideSolutionNode = FALSE
	EndGlobalSection
	GlobalSection(ExtensibilityGlobals) = postSolution
		SolutionGuid = {5B5E22E9-762A-49A6-9746-2CDC1773B931}
	EndGlobalSection
EndGlobal
